// !$*UTF8*$!
{
	archiveVersion = 1;
	classes = {
	};
	objectVersion = 56;
	objects = {

/* Begin PBXBuildFile section */
		3CA200F22B5F73CC00823386 /* AppDelegate.swift in Sources */ = {isa = PBXBuildFile; fileRef = 3CA200F12B5F73CC00823386 /* AppDelegate.swift */; };
		3CA200F42B5F73CC00823386 /* SceneDelegate.swift in Sources */ = {isa = PBXBuildFile; fileRef = 3CA200F32B5F73CC00823386 /* SceneDelegate.swift */; };
		3CA200FB2B5F73CE00823386 /* Assets.xcassets in Resources */ = {isa = PBXBuildFile; fileRef = 3CA200FA2B5F73CE00823386 /* Assets.xcassets */; };
		3CA200FE2B5F73CE00823386 /* LaunchScreen.storyboard in Resources */ = {isa = PBXBuildFile; fileRef = 3CA200FC2B5F73CE00823386 /* LaunchScreen.storyboard */; };
		3CA201062B5F786100823386 /* OnboardingView.swift in Sources */ = {isa = PBXBuildFile; fileRef = 3CA201052B5F786100823386 /* OnboardingView.swift */; };
		3CA201082B5F796300823386 /* viewWrapper.swift in Sources */ = {isa = PBXBuildFile; fileRef = 3CA201072B5F796300823386 /* viewWrapper.swift */; };
		3CA2010A2B5F7A7E00823386 /* navigationCoordinator.swift in Sources */ = {isa = PBXBuildFile; fileRef = 3CA201092B5F7A7E00823386 /* navigationCoordinator.swift */; };
		3CA2010C2B5F7AF100823386 /* WelcomeView.swift in Sources */ = {isa = PBXBuildFile; fileRef = 3CA2010B2B5F7AF100823386 /* WelcomeView.swift */; };
		3CA201122B5F7D0C00823386 /* HowItWorksView.swift in Sources */ = {isa = PBXBuildFile; fileRef = 3CA201112B5F7D0C00823386 /* HowItWorksView.swift */; };
		3CA201142B5F7D7200823386 /* WhatToExpectView.swift in Sources */ = {isa = PBXBuildFile; fileRef = 3CA201132B5F7D7200823386 /* WhatToExpectView.swift */; };
		3CA201162B5F7EDB00823386 /* DecisionMakingAnimationView.swift in Sources */ = {isa = PBXBuildFile; fileRef = 3CA201152B5F7EDB00823386 /* DecisionMakingAnimationView.swift */; };
		3CA201182B5F86A900823386 /* MainPageViewController.swift in Sources */ = {isa = PBXBuildFile; fileRef = 3CA201172B5F86A900823386 /* MainPageViewController.swift */; };
		3CA2011C2B5F8BDD00823386 /* ButtonStyle.swift in Sources */ = {isa = PBXBuildFile; fileRef = 3CA2011B2B5F8BDD00823386 /* ButtonStyle.swift */; };
		3CA2011F2B61827F00823386 /* NicknameViewController.swift in Sources */ = {isa = PBXBuildFile; fileRef = 3CA2011E2B61827F00823386 /* NicknameViewController.swift */; };
/* End PBXBuildFile section */

/* Begin PBXFileReference section */
		3CA200EE2B5F73CC00823386 /* Spontaneous.app */ = {isa = PBXFileReference; explicitFileType = wrapper.application; includeInIndex = 0; path = Spontaneous.app; sourceTree = BUILT_PRODUCTS_DIR; };
		3CA200F12B5F73CC00823386 /* AppDelegate.swift */ = {isa = PBXFileReference; lastKnownFileType = sourcecode.swift; path = AppDelegate.swift; sourceTree = "<group>"; };
		3CA200F32B5F73CC00823386 /* SceneDelegate.swift */ = {isa = PBXFileReference; lastKnownFileType = sourcecode.swift; path = SceneDelegate.swift; sourceTree = "<group>"; };
		3CA200FA2B5F73CE00823386 /* Assets.xcassets */ = {isa = PBXFileReference; lastKnownFileType = folder.assetcatalog; path = Assets.xcassets; sourceTree = "<group>"; };
		3CA200FD2B5F73CE00823386 /* Base */ = {isa = PBXFileReference; lastKnownFileType = file.storyboard; name = Base; path = Base.lproj/LaunchScreen.storyboard; sourceTree = "<group>"; };
		3CA200FF2B5F73CE00823386 /* Info.plist */ = {isa = PBXFileReference; lastKnownFileType = text.plist.xml; path = Info.plist; sourceTree = "<group>"; };
		3CA201052B5F786100823386 /* OnboardingView.swift */ = {isa = PBXFileReference; lastKnownFileType = sourcecode.swift; path = OnboardingView.swift; sourceTree = "<group>"; };
		3CA201072B5F796300823386 /* viewWrapper.swift */ = {isa = PBXFileReference; lastKnownFileType = sourcecode.swift; path = viewWrapper.swift; sourceTree = "<group>"; };
		3CA201092B5F7A7E00823386 /* navigationCoordinator.swift */ = {isa = PBXFileReference; lastKnownFileType = sourcecode.swift; path = navigationCoordinator.swift; sourceTree = "<group>"; };
		3CA2010B2B5F7AF100823386 /* WelcomeView.swift */ = {isa = PBXFileReference; lastKnownFileType = sourcecode.swift; path = WelcomeView.swift; sourceTree = "<group>"; };
		3CA201112B5F7D0C00823386 /* HowItWorksView.swift */ = {isa = PBXFileReference; lastKnownFileType = sourcecode.swift; path = HowItWorksView.swift; sourceTree = "<group>"; };
		3CA201132B5F7D7200823386 /* WhatToExpectView.swift */ = {isa = PBXFileReference; lastKnownFileType = sourcecode.swift; path = WhatToExpectView.swift; sourceTree = "<group>"; };
		3CA201152B5F7EDB00823386 /* DecisionMakingAnimationView.swift */ = {isa = PBXFileReference; lastKnownFileType = sourcecode.swift; path = DecisionMakingAnimationView.swift; sourceTree = "<group>"; };
		3CA201172B5F86A900823386 /* MainPageViewController.swift */ = {isa = PBXFileReference; lastKnownFileType = sourcecode.swift; path = MainPageViewController.swift; sourceTree = "<group>"; };
		3CA2011B2B5F8BDD00823386 /* ButtonStyle.swift */ = {isa = PBXFileReference; lastKnownFileType = sourcecode.swift; path = ButtonStyle.swift; sourceTree = "<group>"; };
		3CA2011E2B61827F00823386 /* NicknameViewController.swift */ = {isa = PBXFileReference; lastKnownFileType = sourcecode.swift; path = NicknameViewController.swift; sourceTree = "<group>"; };
/* End PBXFileReference section */

/* Begin PBXFrameworksBuildPhase section */
		3CA200EB2B5F73CC00823386 /* Frameworks */ = {
			isa = PBXFrameworksBuildPhase;
			buildActionMask = 2147483647;
			files = (
			);
			runOnlyForDeploymentPostprocessing = 0;
		};
/* End PBXFrameworksBuildPhase section */

/* Begin PBXGroup section */
		3CA200E52B5F73CC00823386 = {
			isa = PBXGroup;
			children = (
				3CA200F02B5F73CC00823386 /* Spontaneous */,
				3CA200EF2B5F73CC00823386 /* Products */,
			);
			sourceTree = "<group>";
		};
		3CA200EF2B5F73CC00823386 /* Products */ = {
			isa = PBXGroup;
			children = (
				3CA200EE2B5F73CC00823386 /* Spontaneous.app */,
			);
			name = Products;
			sourceTree = "<group>";
		};
		3CA200F02B5F73CC00823386 /* Spontaneous */ = {
			isa = PBXGroup;
			children = (
				3CA2011A2B5F8BD000823386 /* Components */,
				3CA2010F2B5F7B9F00823386 /* Navigation */,
				3CA2010E2B5F7B8500823386 /* Scenes */,
				3CA2010D2B5F7B7600823386 /* App */,
				3CA200FA2B5F73CE00823386 /* Assets.xcassets */,
				3CA200FC2B5F73CE00823386 /* LaunchScreen.storyboard */,
				3CA200FF2B5F73CE00823386 /* Info.plist */,
			);
			path = Spontaneous;
			sourceTree = "<group>";
		};
		3CA2010D2B5F7B7600823386 /* App */ = {
			isa = PBXGroup;
			children = (
				3CA200F32B5F73CC00823386 /* SceneDelegate.swift */,
				3CA200F12B5F73CC00823386 /* AppDelegate.swift */,
			);
			path = App;
			sourceTree = "<group>";
		};
		3CA2010E2B5F7B8500823386 /* Scenes */ = {
			isa = PBXGroup;
			children = (
				3CA2011D2B61825700823386 /* Nickname */,
				3CA201192B5F86DA00823386 /* Main Page */,
				3CA201102B5F7BB000823386 /* Onboarding */,
			);
			path = Scenes;
			sourceTree = "<group>";
		};
		3CA2010F2B5F7B9F00823386 /* Navigation */ = {
			isa = PBXGroup;
			children = (
				3CA201072B5F796300823386 /* viewWrapper.swift */,
				3CA201092B5F7A7E00823386 /* navigationCoordinator.swift */,
			);
			path = Navigation;
			sourceTree = "<group>";
		};
		3CA201102B5F7BB000823386 /* Onboarding */ = {
			isa = PBXGroup;
			children = (
				3CA201052B5F786100823386 /* OnboardingView.swift */,
				3CA2010B2B5F7AF100823386 /* WelcomeView.swift */,
				3CA201132B5F7D7200823386 /* WhatToExpectView.swift */,
				3CA201112B5F7D0C00823386 /* HowItWorksView.swift */,
				3CA201152B5F7EDB00823386 /* DecisionMakingAnimationView.swift */,
			);
			path = Onboarding;
			sourceTree = "<group>";
		};
		3CA201192B5F86DA00823386 /* Main Page */ = {
			isa = PBXGroup;
			children = (
				3CA201172B5F86A900823386 /* MainPageViewController.swift */,
			);
			path = "Main Page";
			sourceTree = "<group>";
		};
		3CA2011A2B5F8BD000823386 /* Components */ = {
			isa = PBXGroup;
			children = (
				3CA2011B2B5F8BDD00823386 /* ButtonStyle.swift */,
			);
			path = Components;
			sourceTree = "<group>";
		};
		3CA2011D2B61825700823386 /* Nickname */ = {
			isa = PBXGroup;
			children = (
				3CA2011E2B61827F00823386 /* NicknameViewController.swift */,
			);
			path = Nickname;
			sourceTree = "<group>";
		};
/* End PBXGroup section */

/* Begin PBXNativeTarget section */
		3CA200ED2B5F73CC00823386 /* Spontaneous */ = {
			isa = PBXNativeTarget;
			buildConfigurationList = 3CA201022B5F73CE00823386 /* Build configuration list for PBXNativeTarget "Spontaneous" */;
			buildPhases = (
				3CA200EA2B5F73CC00823386 /* Sources */,
				3CA200EB2B5F73CC00823386 /* Frameworks */,
				3CA200EC2B5F73CC00823386 /* Resources */,
			);
			buildRules = (
			);
			dependencies = (
			);
			name = Spontaneous;
			productName = Spontaneous;
			productReference = 3CA200EE2B5F73CC00823386 /* Spontaneous.app */;
			productType = "com.apple.product-type.application";
		};
/* End PBXNativeTarget section */

/* Begin PBXProject section */
		3CA200E62B5F73CC00823386 /* Project object */ = {
			isa = PBXProject;
			attributes = {
				BuildIndependentTargetsInParallel = 1;
				LastSwiftUpdateCheck = 1510;
				LastUpgradeCheck = 1510;
				TargetAttributes = {
					3CA200ED2B5F73CC00823386 = {
						CreatedOnToolsVersion = 15.1;
					};
				};
			};
			buildConfigurationList = 3CA200E92B5F73CC00823386 /* Build configuration list for PBXProject "Spontaneous" */;
			compatibilityVersion = "Xcode 14.0";
			developmentRegion = en;
			hasScannedForEncodings = 0;
			knownRegions = (
				en,
				Base,
			);
			mainGroup = 3CA200E52B5F73CC00823386;
			productRefGroup = 3CA200EF2B5F73CC00823386 /* Products */;
			projectDirPath = "";
			projectRoot = "";
			targets = (
				3CA200ED2B5F73CC00823386 /* Spontaneous */,
			);
		};
/* End PBXProject section */

/* Begin PBXResourcesBuildPhase section */
		3CA200EC2B5F73CC00823386 /* Resources */ = {
			isa = PBXResourcesBuildPhase;
			buildActionMask = 2147483647;
			files = (
				3CA200FE2B5F73CE00823386 /* LaunchScreen.storyboard in Resources */,
				3CA200FB2B5F73CE00823386 /* Assets.xcassets in Resources */,
			);
			runOnlyForDeploymentPostprocessing = 0;
		};
/* End PBXResourcesBuildPhase section */

/* Begin PBXSourcesBuildPhase section */
		3CA200EA2B5F73CC00823386 /* Sources */ = {
			isa = PBXSourcesBuildPhase;
			buildActionMask = 2147483647;
			files = (
				3CA201182B5F86A900823386 /* MainPageViewController.swift in Sources */,
				3CA201162B5F7EDB00823386 /* DecisionMakingAnimationView.swift in Sources */,
				3CA201062B5F786100823386 /* OnboardingView.swift in Sources */,
				3CA201082B5F796300823386 /* viewWrapper.swift in Sources */,
				3CA2011F2B61827F00823386 /* NicknameViewController.swift in Sources */,
				3CA200F22B5F73CC00823386 /* AppDelegate.swift in Sources */,
				3CA2010A2B5F7A7E00823386 /* navigationCoordinator.swift in Sources */,
				3CA201142B5F7D7200823386 /* WhatToExpectView.swift in Sources */,
				3CA200F42B5F73CC00823386 /* SceneDelegate.swift in Sources */,
				3CA201122B5F7D0C00823386 /* HowItWorksView.swift in Sources */,
				3CA2011C2B5F8BDD00823386 /* ButtonStyle.swift in Sources */,
				3CA2010C2B5F7AF100823386 /* WelcomeView.swift in Sources */,
			);
			runOnlyForDeploymentPostprocessing = 0;
		};
/* End PBXSourcesBuildPhase section */

/* Begin PBXVariantGroup section */
		3CA200FC2B5F73CE00823386 /* LaunchScreen.storyboard */ = {
			isa = PBXVariantGroup;
			children = (
				3CA200FD2B5F73CE00823386 /* Base */,
			);
			name = LaunchScreen.storyboard;
			sourceTree = "<group>";
		};
/* End PBXVariantGroup section */

/* Begin XCBuildConfiguration section */
		3CA201002B5F73CE00823386 /* Debug */ = {
			isa = XCBuildConfiguration;
			buildSettings = {
				ALWAYS_SEARCH_USER_PATHS = NO;
				ASSETCATALOG_COMPILER_GENERATE_SWIFT_ASSET_SYMBOL_EXTENSIONS = YES;
				CLANG_ANALYZER_NONNULL = YES;
				CLANG_ANALYZER_NUMBER_OBJECT_CONVERSION = YES_AGGRESSIVE;
				CLANG_CXX_LANGUAGE_STANDARD = "gnu++20";
				CLANG_ENABLE_MODULES = YES;
				CLANG_ENABLE_OBJC_ARC = YES;
				CLANG_ENABLE_OBJC_WEAK = YES;
				CLANG_WARN_BLOCK_CAPTURE_AUTORELEASING = YES;
				CLANG_WARN_BOOL_CONVERSION = YES;
				CLANG_WARN_COMMA = YES;
				CLANG_WARN_CONSTANT_CONVERSION = YES;
				CLANG_WARN_DEPRECATED_OBJC_IMPLEMENTATIONS = YES;
				CLANG_WARN_DIRECT_OBJC_ISA_USAGE = YES_ERROR;
				CLANG_WARN_DOCUMENTATION_COMMENTS = YES;
				CLANG_WARN_EMPTY_BODY = YES;
				CLANG_WARN_ENUM_CONVERSION = YES;
				CLANG_WARN_INFINITE_RECURSION = YES;
				CLANG_WARN_INT_CONVERSION = YES;
				CLANG_WARN_NON_LITERAL_NULL_CONVERSION = YES;
				CLANG_WARN_OBJC_IMPLICIT_RETAIN_SELF = YES;
				CLANG_WARN_OBJC_LITERAL_CONVERSION = YES;
				CLANG_WARN_OBJC_ROOT_CLASS = YES_ERROR;
				CLANG_WARN_QUOTED_INCLUDE_IN_FRAMEWORK_HEADER = YES;
				CLANG_WARN_RANGE_LOOP_ANALYSIS = YES;
				CLANG_WARN_STRICT_PROTOTYPES = YES;
				CLANG_WARN_SUSPICIOUS_MOVE = YES;
				CLANG_WARN_UNGUARDED_AVAILABILITY = YES_AGGRESSIVE;
				CLANG_WARN_UNREACHABLE_CODE = YES;
				CLANG_WARN__DUPLICATE_METHOD_MATCH = YES;
				COPY_PHASE_STRIP = NO;
				DEBUG_INFORMATION_FORMAT = dwarf;
				ENABLE_STRICT_OBJC_MSGSEND = YES;
				ENABLE_TESTABILITY = YES;
				ENABLE_USER_SCRIPT_SANDBOXING = YES;
				GCC_C_LANGUAGE_STANDARD = gnu17;
				GCC_DYNAMIC_NO_PIC = NO;
				GCC_NO_COMMON_BLOCKS = YES;
				GCC_OPTIMIZATION_LEVEL = 0;
				GCC_PREPROCESSOR_DEFINITIONS = (
					"DEBUG=1",
					"$(inherited)",
				);
				GCC_WARN_64_TO_32_BIT_CONVERSION = YES;
				GCC_WARN_ABOUT_RETURN_TYPE = YES_ERROR;
				GCC_WARN_UNDECLARED_SELECTOR = YES;
				GCC_WARN_UNINITIALIZED_AUTOS = YES_AGGRESSIVE;
				GCC_WARN_UNUSED_FUNCTION = YES;
				GCC_WARN_UNUSED_VARIABLE = YES;
				IPHONEOS_DEPLOYMENT_TARGET = 17.2;
				LOCALIZATION_PREFERS_STRING_CATALOGS = YES;
				MTL_ENABLE_DEBUG_INFO = INCLUDE_SOURCE;
				MTL_FAST_MATH = YES;
				ONLY_ACTIVE_ARCH = YES;
				SDKROOT = iphoneos;
				SWIFT_ACTIVE_COMPILATION_CONDITIONS = "DEBUG $(inherited)";
				SWIFT_OPTIMIZATION_LEVEL = "-Onone";
			};
			name = Debug;
		};
		3CA201012B5F73CE00823386 /* Release */ = {
			isa = XCBuildConfiguration;
			buildSettings = {
				ALWAYS_SEARCH_USER_PATHS = NO;
				ASSETCATALOG_COMPILER_GENERATE_SWIFT_ASSET_SYMBOL_EXTENSIONS = YES;
				CLANG_ANALYZER_NONNULL = YES;
				CLANG_ANALYZER_NUMBER_OBJECT_CONVERSION = YES_AGGRESSIVE;
				CLANG_CXX_LANGUAGE_STANDARD = "gnu++20";
				CLANG_ENABLE_MODULES = YES;
				CLANG_ENABLE_OBJC_ARC = YES;
				CLANG_ENABLE_OBJC_WEAK = YES;
				CLANG_WARN_BLOCK_CAPTURE_AUTORELEASING = YES;
				CLANG_WARN_BOOL_CONVERSION = YES;
				CLANG_WARN_COMMA = YES;
				CLANG_WARN_CONSTANT_CONVERSION = YES;
				CLANG_WARN_DEPRECATED_OBJC_IMPLEMENTATIONS = YES;
				CLANG_WARN_DIRECT_OBJC_ISA_USAGE = YES_ERROR;
				CLANG_WARN_DOCUMENTATION_COMMENTS = YES;
				CLANG_WARN_EMPTY_BODY = YES;
				CLANG_WARN_ENUM_CONVERSION = YES;
				CLANG_WARN_INFINITE_RECURSION = YES;
				CLANG_WARN_INT_CONVERSION = YES;
				CLANG_WARN_NON_LITERAL_NULL_CONVERSION = YES;
				CLANG_WARN_OBJC_IMPLICIT_RETAIN_SELF = YES;
				CLANG_WARN_OBJC_LITERAL_CONVERSION = YES;
				CLANG_WARN_OBJC_ROOT_CLASS = YES_ERROR;
				CLANG_WARN_QUOTED_INCLUDE_IN_FRAMEWORK_HEADER = YES;
				CLANG_WARN_RANGE_LOOP_ANALYSIS = YES;
				CLANG_WARN_STRICT_PROTOTYPES = YES;
				CLANG_WARN_SUSPICIOUS_MOVE = YES;
				CLANG_WARN_UNGUARDED_AVAILABILITY = YES_AGGRESSIVE;
				CLANG_WARN_UNREACHABLE_CODE = YES;
				CLANG_WARN__DUPLICATE_METHOD_MATCH = YES;
				COPY_PHASE_STRIP = NO;
				DEBUG_INFORMATION_FORMAT = "dwarf-with-dsym";
				ENABLE_NS_ASSERTIONS = NO;
				ENABLE_STRICT_OBJC_MSGSEND = YES;
				ENABLE_USER_SCRIPT_SANDBOXING = YES;
				GCC_C_LANGUAGE_STANDARD = gnu17;
				GCC_NO_COMMON_BLOCKS = YES;
				GCC_WARN_64_TO_32_BIT_CONVERSION = YES;
				GCC_WARN_ABOUT_RETURN_TYPE = YES_ERROR;
				GCC_WARN_UNDECLARED_SELECTOR = YES;
				GCC_WARN_UNINITIALIZED_AUTOS = YES_AGGRESSIVE;
				GCC_WARN_UNUSED_FUNCTION = YES;
				GCC_WARN_UNUSED_VARIABLE = YES;
				IPHONEOS_DEPLOYMENT_TARGET = 17.2;
				LOCALIZATION_PREFERS_STRING_CATALOGS = YES;
				MTL_ENABLE_DEBUG_INFO = NO;
				MTL_FAST_MATH = YES;
				SDKROOT = iphoneos;
				SWIFT_COMPILATION_MODE = wholemodule;
				VALIDATE_PRODUCT = YES;
			};
			name = Release;
		};
		3CA201032B5F73CE00823386 /* Debug */ = {
			isa = XCBuildConfiguration;
			buildSettings = {
				ASSETCATALOG_COMPILER_APPICON_NAME = AppIcon;
				ASSETCATALOG_COMPILER_GLOBAL_ACCENT_COLOR_NAME = AccentColor;
				CODE_SIGN_STYLE = Automatic;
				CURRENT_PROJECT_VERSION = 1;
				DEVELOPMENT_TEAM = UY94N2F65W;
				GENERATE_INFOPLIST_FILE = YES;
				INFOPLIST_FILE = Spontaneous/Info.plist;
				INFOPLIST_KEY_UIApplicationSupportsIndirectInputEvents = YES;
				INFOPLIST_KEY_UILaunchStoryboardName = LaunchScreen;
				INFOPLIST_KEY_UISupportedInterfaceOrientations_iPad = "UIInterfaceOrientationPortrait UIInterfaceOrientationPortraitUpsideDown UIInterfaceOrientationLandscapeLeft UIInterfaceOrientationLandscapeRight";
				INFOPLIST_KEY_UISupportedInterfaceOrientations_iPhone = "UIInterfaceOrientationPortrait UIInterfaceOrientationLandscapeLeft UIInterfaceOrientationLandscapeRight";
				LD_RUNPATH_SEARCH_PATHS = (
					"$(inherited)",
					"@executable_path/Frameworks",
				);
				MARKETING_VERSION = 1.0;
				PRODUCT_BUNDLE_IDENTIFIER = slap.Spontaneous;
				PRODUCT_NAME = "$(TARGET_NAME)";
				SWIFT_EMIT_LOC_STRINGS = YES;
				SWIFT_VERSION = 5.0;
				TARGETED_DEVICE_FAMILY = "1,2";
			};
			name = Debug;
		};
		3CA201042B5F73CE00823386 /* Release */ = {
			isa = XCBuildConfiguration;
			buildSettings = {
				ASSETCATALOG_COMPILER_APPICON_NAME = AppIcon;
				ASSETCATALOG_COMPILER_GLOBAL_ACCENT_COLOR_NAME = AccentColor;
				CODE_SIGN_STYLE = Automatic;
				CURRENT_PROJECT_VERSION = 1;
				DEVELOPMENT_TEAM = UY94N2F65W;
				GENERATE_INFOPLIST_FILE = YES;
				INFOPLIST_FILE = Spontaneous/Info.plist;
				INFOPLIST_KEY_UIApplicationSupportsIndirectInputEvents = YES;
				INFOPLIST_KEY_UILaunchStoryboardName = LaunchScreen;
				INFOPLIST_KEY_UISupportedInterfaceOrientations_iPad = "UIInterfaceOrientationPortrait UIInterfaceOrientationPortraitUpsideDown UIInterfaceOrientationLandscapeLeft UIInterfaceOrientationLandscapeRight";
				INFOPLIST_KEY_UISupportedInterfaceOrientations_iPhone = "UIInterfaceOrientationPortrait UIInterfaceOrientationLandscapeLeft UIInterfaceOrientationLandscapeRight";
				LD_RUNPATH_SEARCH_PATHS = (
					"$(inherited)",
					"@executable_path/Frameworks",
				);
				MARKETING_VERSION = 1.0;
				PRODUCT_BUNDLE_IDENTIFIER = slap.Spontaneous;
				PRODUCT_NAME = "$(TARGET_NAME)";
				SWIFT_EMIT_LOC_STRINGS = YES;
				SWIFT_VERSION = 5.0;
				TARGETED_DEVICE_FAMILY = "1,2";
			};
			name = Release;
		};
/* End XCBuildConfiguration section */

/* Begin XCConfigurationList section */
		3CA200E92B5F73CC00823386 /* Build configuration list for PBXProject "Spontaneous" */ = {
			isa = XCConfigurationList;
			buildConfigurations = (
				3CA201002B5F73CE00823386 /* Debug */,
				3CA201012B5F73CE00823386 /* Release */,
			);
			defaultConfigurationIsVisible = 0;
			defaultConfigurationName = Release;
		};
		3CA201022B5F73CE00823386 /* Build configuration list for PBXNativeTarget "Spontaneous" */ = {
			isa = XCConfigurationList;
			buildConfigurations = (
				3CA201032B5F73CE00823386 /* Debug */,
				3CA201042B5F73CE00823386 /* Release */,
			);
			defaultConfigurationIsVisible = 0;
			defaultConfigurationName = Release;
		};
/* End XCConfigurationList section */
	};
	rootObject = 3CA200E62B5F73CC00823386 /* Project object */;
}
